
Microsoft Visual Studio Solution File, Format Version 12.00
# Visual Studio Version 17
VisualStudioVersion = 17.10.35013.160
MinimumVisualStudioVersion = 10.0.40219.1
Project("{8BC9CEB8-8B4A-11D0-8D11-00A0C91BC942}") = "ParallelDelete", "ParallelDelete.vcxproj", "{76465140-519D-4CA2-8B78-1737FC374BD7}"
EndProject
Global
	GlobalSection(SolutionConfigurationPlatforms) = preSolution
		Debug|x64 = Debug|x64
		Debug|x86 = Debug|x86
		Release|x64 = Release|x64
		Release|x86 = Release|x86
	EndGlobalSection
	GlobalSection(ProjectConfigurationPlatforms) = postSolution
		{76465140-519D-4CA2-8B78-1737FC374BD7}.Debug|x64.ActiveCfg = Debug|x64
		{76465140-519D-4CA2-8B78-1737FC374BD7}.Debug|x64.Build.0 = Debug|x64
		{76465140-519D-4CA2-8B78-1737FC374BD7}.Debug|x86.ActiveCfg = Debug|Win32
		{76465140-519D-4CA2-8B78-1737FC374BD7}.Debug|x86.Build.0 = Debug|Win32
		{76465140-519D-4CA2-8B78-1737FC374BD7}.Release|x64.ActiveCfg = Release|x64
		{76465140-519D-4CA2-8B78-1737FC374BD7}.Release|x64.Build.0 = Release|x64
		{76465140-519D-4CA2-8B78-1737FC374BD7}.Release|x86.ActiveCfg = Release|Win32
		{76465140-519D-4CA2-8B78-1737FC374BD7}.Release|x86.Build.0 = Release|Win32
	EndGlobalSection
	GlobalSection(SolutionProperties) = preSolution
		HideSolutionNode = FALSE
	EndGlobalSection
	GlobalSection(ExtensibilityGlobals) = postSolution
		SolutionGuid = {F002D8A1-7EC6-41F6-9226-CF806CE5B4CF}
	EndGlobalSection
EndGlobal
